
Microsoft Visual Studio Solution File, Format Version 12.00
# Visual Studio Version 16
VisualStudioVersion = 16.0.29519.87
MinimumVisualStudioVersion = 10.0.40219.1
Project("{FAE04EC0-301F-11D3-BF4B-00C04F79EFBC}") = "Store", "Store\Store.csproj", "{5F5A5EE7-8999-43EF-81A1-80DBEC9964E1}"
EndProject
Project("{FAE04EC0-301F-11D3-BF4B-00C04F79EFBC}") = "Store.Base", "Store.Base\Store.Base.csproj", "{D0789D3D-7E8A-466F-85D2-7C5DCA23D6BF}"
EndProject
Project("{FAE04EC0-301F-11D3-BF4B-00C04F79EFBC}") = "Store.DataAccess", "Store.DataAccess\Store.DataAccess.csproj", "{E4116609-62C4-4F30-A4E6-EB46A784CE6D}"
EndProject
Global
	GlobalSection(SolutionConfigurationPlatforms) = preSolution
		Debug|Any CPU = Debug|Any CPU
		Release|Any CPU = Release|Any CPU
	EndGlobalSection
	GlobalSection(ProjectConfigurationPlatforms) = postSolution
		{5F5A5EE7-8999-43EF-81A1-80DBEC9964E1}.Debug|Any CPU.ActiveCfg = Debug|Any CPU
		{5F5A5EE7-8999-43EF-81A1-80DBEC9964E1}.Debug|Any CPU.Build.0 = Debug|Any CPU
		{5F5A5EE7-8999-43EF-81A1-80DBEC9964E1}.Release|Any CPU.ActiveCfg = Release|Any CPU
		{5F5A5EE7-8999-43EF-81A1-80DBEC9964E1}.Release|Any CPU.Build.0 = Release|Any CPU
		{D0789D3D-7E8A-466F-85D2-7C5DCA23D6BF}.Debug|Any CPU.ActiveCfg = Debug|Any CPU
		{D0789D3D-7E8A-466F-85D2-7C5DCA23D6BF}.Debug|Any CPU.Build.0 = Debug|Any CPU
		{D0789D3D-7E8A-466F-85D2-7C5DCA23D6BF}.Release|Any CPU.ActiveCfg = Release|Any CPU
		{D0789D3D-7E8A-466F-85D2-7C5DCA23D6BF}.Release|Any CPU.Build.0 = Release|Any CPU
		{E4116609-62C4-4F30-A4E6-EB46A784CE6D}.Debug|Any CPU.ActiveCfg = Debug|Any CPU
		{E4116609-62C4-4F30-A4E6-EB46A784CE6D}.Debug|Any CPU.Build.0 = Debug|Any CPU
		{E4116609-62C4-4F30-A4E6-EB46A784CE6D}.Release|Any CPU.ActiveCfg = Release|Any CPU
		{E4116609-62C4-4F30-A4E6-EB46A784CE6D}.Release|Any CPU.Build.0 = Release|Any CPU
	EndGlobalSection
	GlobalSection(SolutionProperties) = preSolution
		HideSolutionNode = FALSE
	EndGlobalSection
	GlobalSection(ExtensibilityGlobals) = postSolution
		SolutionGuid = {91A679E4-D9FD-4949-9678-77316875A4B7}
	EndGlobalSection
EndGlobal
